// !$*UTF8*$!
{
	archiveVersion = 1;
	classes = {
	};
	objectVersion = 77;
	objects = {

/* Begin PBXBuildFile section */
		3EC9B0862C960AA20053DB01 /* RealityKitContent in Frameworks */ = {isa = PBXBuildFile; productRef = 3EC9B0852C960AA20053DB01 /* RealityKitContent */; };
		3EC9B0CB2C96243E0053DB01 /* RoomProMax1 in Frameworks */ = {isa = PBXBuildFile; productRef = 3EC9B0CA2C96243E0053DB01 /* RoomProMax1 */; };
/* End PBXBuildFile section */

/* Begin PBXContainerItemProxy section */
		3EC9B0A02C960AA30053DB01 /* PBXContainerItemProxy */ = {
			isa = PBXContainerItemProxy;
			containerPortal = 3EC9B0782C960AA10053DB01 /* Project object */;
			proxyType = 1;
			remoteGlobalIDString = 3EC9B07F2C960AA20053DB01;
			remoteInfo = RoomProMax;
		};
/* End PBXContainerItemProxy section */

/* Begin PBXFileReference section */
		3EC9B0802C960AA20053DB01 /* RoomProMax.app */ = {isa = PBXFileReference; explicitFileType = wrapper.application; includeInIndex = 0; path = RoomProMax.app; sourceTree = BUILT_PRODUCTS_DIR; };
		3EC9B0842C960AA20053DB01 /* RealityKitContent */ = {isa = PBXFileReference; lastKnownFileType = wrapper; path = RealityKitContent; sourceTree = "<group>"; };
		3EC9B09F2C960AA30053DB01 /* RoomProMaxTests.xctest */ = {isa = PBXFileReference; explicitFileType = wrapper.cfbundle; includeInIndex = 0; path = RoomProMaxTests.xctest; sourceTree = BUILT_PRODUCTS_DIR; };
/* End PBXFileReference section */

/* Begin PBXFileSystemSynchronizedBuildFileExceptionSet section */
		3EC9B0A52C960AA30053DB01 /* Exceptions for "RoomProMax" folder in "RoomProMax" target */ = {
			isa = PBXFileSystemSynchronizedBuildFileExceptionSet;
			membershipExceptions = (
				Info.plist,
			);
			target = 3EC9B07F2C960AA20053DB01 /* RoomProMax */;
		};
/* End PBXFileSystemSynchronizedBuildFileExceptionSet section */

/* Begin PBXFileSystemSynchronizedRootGroup section */
		3EC9B0822C960AA20053DB01 /* RoomProMax */ = {
			isa = PBXFileSystemSynchronizedRootGroup;
			exceptions = (
				3EC9B0A52C960AA30053DB01 /* Exceptions for "RoomProMax" folder in "RoomProMax" target */,
			);
			path = RoomProMax;
			sourceTree = "<group>";
		};
		3EC9B0A22C960AA30053DB01 /* RoomProMaxTests */ = {
			isa = PBXFileSystemSynchronizedRootGroup;
			path = RoomProMaxTests;
			sourceTree = "<group>";
		};
/* End PBXFileSystemSynchronizedRootGroup section */

/* Begin PBXFrameworksBuildPhase section */
		3EC9B07D2C960AA20053DB01 /* Frameworks */ = {
			isa = PBXFrameworksBuildPhase;
			buildActionMask = 2147483647;
			files = (
				3EC9B0CB2C96243E0053DB01 /* RoomProMax1 in Frameworks */,
				3EC9B0862C960AA20053DB01 /* RealityKitContent in Frameworks */,
			);
			runOnlyForDeploymentPostprocessing = 0;
		};
		3EC9B09C2C960AA30053DB01 /* Frameworks */ = {
			isa = PBXFrameworksBuildPhase;
			buildActionMask = 2147483647;
			files = (
			);
			runOnlyForDeploymentPostprocessing = 0;
		};
/* End PBXFrameworksBuildPhase section */

/* Begin PBXGroup section */
		3EC9B0772C960AA10053DB01 = {
			isa = PBXGroup;
			children = (
				3EC9B0822C960AA20053DB01 /* RoomProMax */,
				3EC9B0832C960AA20053DB01 /* Packages */,
				3EC9B0A22C960AA30053DB01 /* RoomProMaxTests */,
				3EC9B0812C960AA20053DB01 /* Products */,
			);
			sourceTree = "<group>";
		};
		3EC9B0812C960AA20053DB01 /* Products */ = {
			isa = PBXGroup;
			children = (
				3EC9B0802C960AA20053DB01 /* RoomProMax.app */,
				3EC9B09F2C960AA30053DB01 /* RoomProMaxTests.xctest */,
			);
			name = Products;
			sourceTree = "<group>";
		};
		3EC9B0832C960AA20053DB01 /* Packages */ = {
			isa = PBXGroup;
			children = (
				3EC9B0842C960AA20053DB01 /* RealityKitContent */,
			);
			path = Packages;
			sourceTree = "<group>";
		};
/* End PBXGroup section */

/* Begin PBXNativeTarget section */
		3EC9B07F2C960AA20053DB01 /* RoomProMax */ = {
			isa = PBXNativeTarget;
			buildConfigurationList = 3EC9B0A62C960AA30053DB01 /* Build configuration list for PBXNativeTarget "RoomProMax" */;
			buildPhases = (
				3EC9B07C2C960AA20053DB01 /* Sources */,
				3EC9B07D2C960AA20053DB01 /* Frameworks */,
				3EC9B07E2C960AA20053DB01 /* Resources */,
			);
			buildRules = (
			);
			dependencies = (
			);
			fileSystemSynchronizedGroups = (
				3EC9B0822C960AA20053DB01 /* RoomProMax */,
			);
			name = RoomProMax;
			packageProductDependencies = (
				3EC9B0852C960AA20053DB01 /* RealityKitContent */,
				3EC9B0CA2C96243E0053DB01 /* RoomProMax1 */,
			);
			productName = RoomProMax;
			productReference = 3EC9B0802C960AA20053DB01 /* RoomProMax.app */;
			productType = "com.apple.product-type.application";
		};
		3EC9B09E2C960AA30053DB01 /* RoomProMaxTests */ = {
			isa = PBXNativeTarget;
			buildConfigurationList = 3EC9B0AB2C960AA30053DB01 /* Build configuration list for PBXNativeTarget "RoomProMaxTests" */;
			buildPhases = (
				3EC9B09B2C960AA30053DB01 /* Sources */,
				3EC9B09C2C960AA30053DB01 /* Frameworks */,
				3EC9B09D2C960AA30053DB01 /* Resources */,
			);
			buildRules = (
			);
			dependencies = (
				3EC9B0A12C960AA30053DB01 /* PBXTargetDependency */,
			);
			fileSystemSynchronizedGroups = (
				3EC9B0A22C960AA30053DB01 /* RoomProMaxTests */,
			);
			name = RoomProMaxTests;
			packageProductDependencies = (
			);
			productName = RoomProMaxTests;
			productReference = 3EC9B09F2C960AA30053DB01 /* RoomProMaxTests.xctest */;
			productType = "com.apple.product-type.bundle.unit-test";
		};
/* End PBXNativeTarget section */

/* Begin PBXProject section */
		3EC9B0782C960AA10053DB01 /* Project object */ = {
			isa = PBXProject;
			attributes = {
				BuildIndependentTargetsInParallel = 1;
				LastSwiftUpdateCheck = 1600;
				LastUpgradeCheck = 1600;
				TargetAttributes = {
					3EC9B07F2C960AA20053DB01 = {
						CreatedOnToolsVersion = 16.0;
					};
					3EC9B09E2C960AA30053DB01 = {
						CreatedOnToolsVersion = 16.0;
						TestTargetID = 3EC9B07F2C960AA20053DB01;
					};
				};
			};
			buildConfigurationList = 3EC9B07B2C960AA10053DB01 /* Build configuration list for PBXProject "RoomProMax" */;
			developmentRegion = en;
			hasScannedForEncodings = 0;
			knownRegions = (
				en,
				Base,
			);
			mainGroup = 3EC9B0772C960AA10053DB01;
			minimizedProjectReferenceProxies = 1;
			packageReferences = (
				3EC9B0C92C96243E0053DB01 /* XCLocalSwiftPackageReference "../../../../../RoomProMax1" */,
			);
			preferredProjectObjectVersion = 77;
			productRefGroup = 3EC9B0812C960AA20053DB01 /* Products */;
			projectDirPath = "";
			projectRoot = "";
			targets = (
				3EC9B07F2C960AA20053DB01 /* RoomProMax */,
				3EC9B09E2C960AA30053DB01 /* RoomProMaxTests */,
			);
		};
/* End PBXProject section */

/* Begin PBXResourcesBuildPhase section */
		3EC9B07E2C960AA20053DB01 /* Resources */ = {
			isa = PBXResourcesBuildPhase;
			buildActionMask = 2147483647;
			files = (
			);
			runOnlyForDeploymentPostprocessing = 0;
		};
		3EC9B09D2C960AA30053DB01 /* Resources */ = {
			isa = PBXResourcesBuildPhase;
			buildActionMask = 2147483647;
			files = (
			);
			runOnlyForDeploymentPostprocessing = 0;
		};
/* End PBXResourcesBuildPhase section */

/* Begin PBXSourcesBuildPhase section */
		3EC9B07C2C960AA20053DB01 /* Sources */ = {
			isa = PBXSourcesBuildPhase;
			buildActionMask = 2147483647;
			files = (
			);
			runOnlyForDeploymentPostprocessing = 0;
		};
		3EC9B09B2C960AA30053DB01 /* Sources */ = {
			isa = PBXSourcesBuildPhase;
			buildActionMask = 2147483647;
			files = (
			);
			runOnlyForDeploymentPostprocessing = 0;
		};
/* End PBXSourcesBuildPhase section */

/* Begin PBXTargetDependency section */
		3EC9B0A12C960AA30053DB01 /* PBXTargetDependency */ = {
			isa = PBXTargetDependency;
			target = 3EC9B07F2C960AA20053DB01 /* RoomProMax */;
			targetProxy = 3EC9B0A02C960AA30053DB01 /* PBXContainerItemProxy */;
		};
/* End PBXTargetDependency section */

/* Begin XCBuildConfiguration section */
		3EC9B0A72C960AA30053DB01 /* Debug */ = {
			isa = XCBuildConfiguration;
			buildSettings = {
				ASSETCATALOG_COMPILER_APPICON_NAME = AppIcon;
				ASSETCATALOG_COMPILER_GLOBAL_ACCENT_COLOR_NAME = AccentColor;
				CODE_SIGN_STYLE = Automatic;
				CURRENT_PROJECT_VERSION = 1;
				DEVELOPMENT_ASSET_PATHS = "\"RoomProMax/Preview Content\"";
				DEVELOPMENT_TEAM = YWZ942B69F;
				ENABLE_PREVIEWS = YES;
				GENERATE_INFOPLIST_FILE = YES;
				INFOPLIST_FILE = "$(TARGET_NAME)/Info.plist";
				LD_RUNPATH_SEARCH_PATHS = (
					"$(inherited)",
					"@executable_path/Frameworks",
				);
				MARKETING_VERSION = 1.0;
				PRODUCT_BUNDLE_IDENTIFIER = arStuff.Pain;
				PRODUCT_NAME = "$(TARGET_NAME)";
				SUPPORTED_PLATFORMS = "xros xrsimulator";
				SWIFT_EMIT_LOC_STRINGS = YES;
				SWIFT_VERSION = 5.0;
				TARGETED_DEVICE_FAMILY = 7;
			};
			name = Debug;
		};
		3EC9B0A82C960AA30053DB01 /* Release */ = {
			isa = XCBuildConfiguration;
			buildSettings = {
				ASSETCATALOG_COMPILER_APPICON_NAME = AppIcon;
				ASSETCATALOG_COMPILER_GLOBAL_ACCENT_COLOR_NAME = AccentColor;
				CODE_SIGN_STYLE = Automatic;
				CURRENT_PROJECT_VERSION = 1;
				DEVELOPMENT_ASSET_PATHS = "\"RoomProMax/Preview Content\"";
				DEVELOPMENT_TEAM = YWZ942B69F;
				ENABLE_PREVIEWS = YES;
				GENERATE_INFOPLIST_FILE = YES;
				INFOPLIST_FILE = "$(TARGET_NAME)/Info.plist";
				LD_RUNPATH_SEARCH_PATHS = (
					"$(inherited)",
					"@executable_path/Frameworks",
				);
				MARKETING_VERSION = 1.0;
				PRODUCT_BUNDLE_IDENTIFIER = arStuff.Pain;
				PRODUCT_NAME = "$(TARGET_NAME)";
				SUPPORTED_PLATFORMS = "xros xrsimulator";
				SWIFT_EMIT_LOC_STRINGS = YES;
				SWIFT_VERSION = 5.0;
				TARGETED_DEVICE_FAMILY = 7;
			};
			name = Release;
		};
		3EC9B0A92C960AA30053DB01 /* Debug */ = {
			isa = XCBuildConfiguration;
			buildSettings = {
				ALWAYS_SEARCH_USER_PATHS = NO;
				ASSETCATALOG_COMPILER_GENERATE_SWIFT_ASSET_SYMBOL_EXTENSIONS = YES;
				CLANG_ANALYZER_NONNULL = YES;
				CLANG_ANALYZER_NUMBER_OBJECT_CONVERSION = YES_AGGRESSIVE;
				CLANG_CXX_LANGUAGE_STANDARD = "gnu++20";
				CLANG_ENABLE_MODULES = YES;
				CLANG_ENABLE_OBJC_ARC = YES;
				CLANG_ENABLE_OBJC_WEAK = YES;
				CLANG_WARN_BLOCK_CAPTURE_AUTORELEASING = YES;
				CLANG_WARN_BOOL_CONVERSION = YES;
				CLANG_WARN_COMMA = YES;
				CLANG_WARN_CONSTANT_CONVERSION = YES;
				CLANG_WARN_DEPRECATED_OBJC_IMPLEMENTATIONS = YES;
				CLANG_WARN_DIRECT_OBJC_ISA_USAGE = YES_ERROR;
				CLANG_WARN_DOCUMENTATION_COMMENTS = YES;
				CLANG_WARN_EMPTY_BODY = YES;
				CLANG_WARN_ENUM_CONVERSION = YES;
				CLANG_WARN_INFINITE_RECURSION = YES;
				CLANG_WARN_INT_CONVERSION = YES;
				CLANG_WARN_NON_LITERAL_NULL_CONVERSION = YES;
				CLANG_WARN_OBJC_IMPLICIT_RETAIN_SELF = YES;
				CLANG_WARN_OBJC_LITERAL_CONVERSION = YES;
				CLANG_WARN_OBJC_ROOT_CLASS = YES_ERROR;
				CLANG_WARN_QUOTED_INCLUDE_IN_FRAMEWORK_HEADER = YES;
				CLANG_WARN_RANGE_LOOP_ANALYSIS = YES;
				CLANG_WARN_STRICT_PROTOTYPES = YES;
				CLANG_WARN_SUSPICIOUS_MOVE = YES;
				CLANG_WARN_UNGUARDED_AVAILABILITY = YES_AGGRESSIVE;
				CLANG_WARN_UNREACHABLE_CODE = YES;
				CLANG_WARN__DUPLICATE_METHOD_MATCH = YES;
				COPY_PHASE_STRIP = NO;
				DEBUG_INFORMATION_FORMAT = dwarf;
				ENABLE_STRICT_OBJC_MSGSEND = YES;
				ENABLE_TESTABILITY = YES;
				ENABLE_USER_SCRIPT_SANDBOXING = YES;
				GCC_C_LANGUAGE_STANDARD = gnu17;
				GCC_DYNAMIC_NO_PIC = NO;
				GCC_NO_COMMON_BLOCKS = YES;
				GCC_OPTIMIZATION_LEVEL = 0;
				GCC_PREPROCESSOR_DEFINITIONS = (
					"DEBUG=1",
					"$(inherited)",
				);
				GCC_WARN_64_TO_32_BIT_CONVERSION = YES;
				GCC_WARN_ABOUT_RETURN_TYPE = YES_ERROR;
				GCC_WARN_UNDECLARED_SELECTOR = YES;
				GCC_WARN_UNINITIALIZED_AUTOS = YES_AGGRESSIVE;
				GCC_WARN_UNUSED_FUNCTION = YES;
				GCC_WARN_UNUSED_VARIABLE = YES;
				LOCALIZATION_PREFERS_STRING_CATALOGS = YES;
				MTL_ENABLE_DEBUG_INFO = INCLUDE_SOURCE;
				MTL_FAST_MATH = YES;
				ONLY_ACTIVE_ARCH = YES;
				SDKROOT = xros;
				SWIFT_ACTIVE_COMPILATION_CONDITIONS = "DEBUG $(inherited)";
				SWIFT_OPTIMIZATION_LEVEL = "-Onone";
				XROS_DEPLOYMENT_TARGET = 2.0;
			};
			name = Debug;
		};
		3EC9B0AA2C960AA30053DB01 /* Release */ = {
			isa = XCBuildConfiguration;
			buildSettings = {
				ALWAYS_SEARCH_USER_PATHS = NO;
				ASSETCATALOG_COMPILER_GENERATE_SWIFT_ASSET_SYMBOL_EXTENSIONS = YES;
				CLANG_ANALYZER_NONNULL = YES;
				CLANG_ANALYZER_NUMBER_OBJECT_CONVERSION = YES_AGGRESSIVE;
				CLANG_CXX_LANGUAGE_STANDARD = "gnu++20";
				CLANG_ENABLE_MODULES = YES;
				CLANG_ENABLE_OBJC_ARC = YES;
				CLANG_ENABLE_OBJC_WEAK = YES;
				CLANG_WARN_BLOCK_CAPTURE_AUTORELEASING = YES;
				CLANG_WARN_BOOL_CONVERSION = YES;
				CLANG_WARN_COMMA = YES;
				CLANG_WARN_CONSTANT_CONVERSION = YES;
				CLANG_WARN_DEPRECATED_OBJC_IMPLEMENTATIONS = YES;
				CLANG_WARN_DIRECT_OBJC_ISA_USAGE = YES_ERROR;
				CLANG_WARN_DOCUMENTATION_COMMENTS = YES;
				CLANG_WARN_EMPTY_BODY = YES;
				CLANG_WARN_ENUM_CONVERSION = YES;
				CLANG_WARN_INFINITE_RECURSION = YES;
				CLANG_WARN_INT_CONVERSION = YES;
				CLANG_WARN_NON_LITERAL_NULL_CONVERSION = YES;
				CLANG_WARN_OBJC_IMPLICIT_RETAIN_SELF = YES;
				CLANG_WARN_OBJC_LITERAL_CONVERSION = YES;
				CLANG_WARN_OBJC_ROOT_CLASS = YES_ERROR;
				CLANG_WARN_QUOTED_INCLUDE_IN_FRAMEWORK_HEADER = YES;
				CLANG_WARN_RANGE_LOOP_ANALYSIS = YES;
				CLANG_WARN_STRICT_PROTOTYPES = YES;
				CLANG_WARN_SUSPICIOUS_MOVE = YES;
				CLANG_WARN_UNGUARDED_AVAILABILITY = YES_AGGRESSIVE;
				CLANG_WARN_UNREACHABLE_CODE = YES;
				CLANG_WARN__DUPLICATE_METHOD_MATCH = YES;
				COPY_PHASE_STRIP = NO;
				DEBUG_INFORMATION_FORMAT = "dwarf-with-dsym";
				ENABLE_NS_ASSERTIONS = NO;
				ENABLE_STRICT_OBJC_MSGSEND = YES;
				ENABLE_USER_SCRIPT_SANDBOXING = YES;
				GCC_C_LANGUAGE_STANDARD = gnu17;
				GCC_NO_COMMON_BLOCKS = YES;
				GCC_WARN_64_TO_32_BIT_CONVERSION = YES;
				GCC_WARN_ABOUT_RETURN_TYPE = YES_ERROR;
				GCC_WARN_UNDECLARED_SELECTOR = YES;
				GCC_WARN_UNINITIALIZED_AUTOS = YES_AGGRESSIVE;
				GCC_WARN_UNUSED_FUNCTION = YES;
				GCC_WARN_UNUSED_VARIABLE = YES;
				LOCALIZATION_PREFERS_STRING_CATALOGS = YES;
				MTL_ENABLE_DEBUG_INFO = NO;
				MTL_FAST_MATH = YES;
				SDKROOT = xros;
				SWIFT_COMPILATION_MODE = wholemodule;
				VALIDATE_PRODUCT = YES;
				XROS_DEPLOYMENT_TARGET = 2.0;
			};
			name = Release;
		};
		3EC9B0AC2C960AA30053DB01 /* Debug */ = {
			isa = XCBuildConfiguration;
			buildSettings = {
				BUNDLE_LOADER = "$(TEST_HOST)";
				CODE_SIGN_STYLE = Automatic;
				CURRENT_PROJECT_VERSION = 1;
				DEVELOPMENT_TEAM = YWZ942B69F;
				GENERATE_INFOPLIST_FILE = YES;
				MARKETING_VERSION = 1.0;
				PRODUCT_BUNDLE_IDENTIFIER = arStuff.RoomProMaxTests;
				PRODUCT_NAME = "$(TARGET_NAME)";
				SUPPORTED_PLATFORMS = "xros xrsimulator";
				SWIFT_EMIT_LOC_STRINGS = NO;
				SWIFT_VERSION = 5.0;
				TARGETED_DEVICE_FAMILY = 7;
				TEST_HOST = "$(BUILT_PRODUCTS_DIR)/RoomProMax.app/$(BUNDLE_EXECUTABLE_FOLDER_PATH)/RoomProMax";
				XROS_DEPLOYMENT_TARGET = 2.0;
			};
			name = Debug;
		};
		3EC9B0AD2C960AA30053DB01 /* Release */ = {
			isa = XCBuildConfiguration;
			buildSettings = {
				BUNDLE_LOADER = "$(TEST_HOST)";
				CODE_SIGN_STYLE = Automatic;
				CURRENT_PROJECT_VERSION = 1;
				DEVELOPMENT_TEAM = YWZ942B69F;
				GENERATE_INFOPLIST_FILE = YES;
				MARKETING_VERSION = 1.0;
				PRODUCT_BUNDLE_IDENTIFIER = arStuff.RoomProMaxTests;
				PRODUCT_NAME = "$(TARGET_NAME)";
				SUPPORTED_PLATFORMS = "xros xrsimulator";
				SWIFT_EMIT_LOC_STRINGS = NO;
				SWIFT_VERSION = 5.0;
				TARGETED_DEVICE_FAMILY = 7;
				TEST_HOST = "$(BUILT_PRODUCTS_DIR)/RoomProMax.app/$(BUNDLE_EXECUTABLE_FOLDER_PATH)/RoomProMax";
				XROS_DEPLOYMENT_TARGET = 2.0;
			};
			name = Release;
		};
/* End XCBuildConfiguration section */

/* Begin XCConfigurationList section */
		3EC9B07B2C960AA10053DB01 /* Build configuration list for PBXProject "RoomProMax" */ = {
			isa = XCConfigurationList;
			buildConfigurations = (
				3EC9B0A92C960AA30053DB01 /* Debug */,
				3EC9B0AA2C960AA30053DB01 /* Release */,
			);
			defaultConfigurationIsVisible = 0;
			defaultConfigurationName = Release;
		};
		3EC9B0A62C960AA30053DB01 /* Build configuration list for PBXNativeTarget "RoomProMax" */ = {
			isa = XCConfigurationList;
			buildConfigurations = (
				3EC9B0A72C960AA30053DB01 /* Debug */,
				3EC9B0A82C960AA30053DB01 /* Release */,
			);
			defaultConfigurationIsVisible = 0;
			defaultConfigurationName = Release;
		};
		3EC9B0AB2C960AA30053DB01 /* Build configuration list for PBXNativeTarget "RoomProMaxTests" */ = {
			isa = XCConfigurationList;
			buildConfigurations = (
				3EC9B0AC2C960AA30053DB01 /* Debug */,
				3EC9B0AD2C960AA30053DB01 /* Release */,
			);
			defaultConfigurationIsVisible = 0;
			defaultConfigurationName = Release;
		};
/* End XCConfigurationList section */

/* Begin XCLocalSwiftPackageReference section */
		3EC9B0C92C96243E0053DB01 /* XCLocalSwiftPackageReference "../../../../../RoomProMax1" */ = {
			isa = XCLocalSwiftPackageReference;
			relativePath = ../../../../../RoomProMax1;
		};
/* End XCLocalSwiftPackageReference section */

/* Begin XCSwiftPackageProductDependency section */
		3EC9B0852C960AA20053DB01 /* RealityKitContent */ = {
			isa = XCSwiftPackageProductDependency;
			productName = RealityKitContent;
		};
		3EC9B0CA2C96243E0053DB01 /* RoomProMax1 */ = {
			isa = XCSwiftPackageProductDependency;
			productName = RoomProMax1;
		};
/* End XCSwiftPackageProductDependency section */
	};
	rootObject = 3EC9B0782C960AA10053DB01 /* Project object */;
}
